
Microsoft Visual Studio Solution File, Format Version 12.00
# Visual Studio 2013
VisualStudioVersion = 12.0.40418.0
MinimumVisualStudioVersion = 10.0.40219.1
Project("{FAE04EC0-301F-11D3-BF4B-00C04F79EFBC}") = "BS.Entities", "SB.Entities\BS.Entities.csproj", "{3D85DDB2-EB3E-4FD9-A2E3-4B3F7B2690D1}"
EndProject
Project("{FAE04EC0-301F-11D3-BF4B-00C04F79EFBC}") = "BS.Business", "BS.Business\BS.Business.csproj", "{7F180578-3C12-47B3-9BC7-69F1EF1FB285}"
EndProject
Project("{FAE04EC0-301F-11D3-BF4B-00C04F79EFBC}") = "BS.Presentation", "BS.Presentation\BS.Presentation.csproj", "{D47EF54D-CAF8-423A-AE01-B0C6686E3BC4}"
EndProject
Global
	GlobalSection(SolutionConfigurationPlatforms) = preSolution
		Debug|Any CPU = Debug|Any CPU
		Release|Any CPU = Release|Any CPU
	EndGlobalSection
	GlobalSection(ProjectConfigurationPlatforms) = postSolution
		{3D85DDB2-EB3E-4FD9-A2E3-4B3F7B2690D1}.Debug|Any CPU.ActiveCfg = Debug|Any CPU
		{3D85DDB2-EB3E-4FD9-A2E3-4B3F7B2690D1}.Debug|Any CPU.Build.0 = Debug|Any CPU
		{3D85DDB2-EB3E-4FD9-A2E3-4B3F7B2690D1}.Release|Any CPU.ActiveCfg = Release|Any CPU
		{3D85DDB2-EB3E-4FD9-A2E3-4B3F7B2690D1}.Release|Any CPU.Build.0 = Release|Any CPU
		{7F180578-3C12-47B3-9BC7-69F1EF1FB285}.Debug|Any CPU.ActiveCfg = Debug|Any CPU
		{7F180578-3C12-47B3-9BC7-69F1EF1FB285}.Debug|Any CPU.Build.0 = Debug|Any CPU
		{7F180578-3C12-47B3-9BC7-69F1EF1FB285}.Release|Any CPU.ActiveCfg = Release|Any CPU
		{7F180578-3C12-47B3-9BC7-69F1EF1FB285}.Release|Any CPU.Build.0 = Release|Any CPU
		{D47EF54D-CAF8-423A-AE01-B0C6686E3BC4}.Debug|Any CPU.ActiveCfg = Debug|Any CPU
		{D47EF54D-CAF8-423A-AE01-B0C6686E3BC4}.Debug|Any CPU.Build.0 = Debug|Any CPU
		{D47EF54D-CAF8-423A-AE01-B0C6686E3BC4}.Release|Any CPU.ActiveCfg = Release|Any CPU
		{D47EF54D-CAF8-423A-AE01-B0C6686E3BC4}.Release|Any CPU.Build.0 = Release|Any CPU
	EndGlobalSection
	GlobalSection(SolutionProperties) = preSolution
		HideSolutionNode = FALSE
	EndGlobalSection
EndGlobal
